
Microsoft Visual Studio Solution File, Format Version 12.00
# Visual Studio 14
VisualStudioVersion = 14.0.25420.1
MinimumVisualStudioVersion = 10.0.40219.1
Project("{2150E333-8FDC-42A3-9474-1A3956D46DE8}") = "src", "src", "{CE37ACDF-B8E1-4FC1-9D41-3BB865F677E7}"
EndProject
Project("{2150E333-8FDC-42A3-9474-1A3956D46DE8}") = "Solution Items", "Solution Items", "{804AC149-D4C7-473E-BFDF-E1DE69FC11C3}"
	ProjectSection(SolutionItems) = preProject
		global.json = global.json
	EndProjectSection
EndProject
Project("{8BB2217D-0F2D-49D1-97BC-3654ED321F3B}") = "Chip8.Core", "src\Chip8.Core\Chip8.Core.xproj", "{2C4294C2-1546-4111-92F4-21DB0B62B0D6}"
EndProject
Global
	GlobalSection(SolutionConfigurationPlatforms) = preSolution
		Debug|Any CPU = Debug|Any CPU
		Release|Any CPU = Release|Any CPU
	EndGlobalSection
	GlobalSection(ProjectConfigurationPlatforms) = postSolution
		{2C4294C2-1546-4111-92F4-21DB0B62B0D6}.Debug|Any CPU.ActiveCfg = Debug|Any CPU
		{2C4294C2-1546-4111-92F4-21DB0B62B0D6}.Debug|Any CPU.Build.0 = Debug|Any CPU
		{2C4294C2-1546-4111-92F4-21DB0B62B0D6}.Release|Any CPU.ActiveCfg = Release|Any CPU
		{2C4294C2-1546-4111-92F4-21DB0B62B0D6}.Release|Any CPU.Build.0 = Release|Any CPU
	EndGlobalSection
	GlobalSection(SolutionProperties) = preSolution
		HideSolutionNode = FALSE
	EndGlobalSection
	GlobalSection(NestedProjects) = preSolution
		{2C4294C2-1546-4111-92F4-21DB0B62B0D6} = {CE37ACDF-B8E1-4FC1-9D41-3BB865F677E7}
	EndGlobalSection
EndGlobal
